
Microsoft Visual Studio Solution File, Format Version 12.00
# Visual Studio Version 16
VisualStudioVersion = 16.0.31129.286
MinimumVisualStudioVersion = 10.0.40219.1
Project("{FAE04EC0-301F-11D3-BF4B-00C04F79EFBC}") = "FoodShop", "FoodShop\FoodShop.csproj", "{325BA6EE-5E0D-4D14-904F-B33B32F99DD3}"
EndProject
Project("{FAE04EC0-301F-11D3-BF4B-00C04F79EFBC}") = "Models", "Models\Models.csproj", "{6A0AEE5D-26DB-4C86-956E-B29C666F3CBE}"
EndProject
Global
	GlobalSection(SolutionConfigurationPlatforms) = preSolution
		Debug|Any CPU = Debug|Any CPU
		Release|Any CPU = Release|Any CPU
	EndGlobalSection
	GlobalSection(ProjectConfigurationPlatforms) = postSolution
		{325BA6EE-5E0D-4D14-904F-B33B32F99DD3}.Debug|Any CPU.ActiveCfg = Debug|Any CPU
		{325BA6EE-5E0D-4D14-904F-B33B32F99DD3}.Debug|Any CPU.Build.0 = Debug|Any CPU
		{325BA6EE-5E0D-4D14-904F-B33B32F99DD3}.Release|Any CPU.ActiveCfg = Release|Any CPU
		{325BA6EE-5E0D-4D14-904F-B33B32F99DD3}.Release|Any CPU.Build.0 = Release|Any CPU
		{6A0AEE5D-26DB-4C86-956E-B29C666F3CBE}.Debug|Any CPU.ActiveCfg = Debug|Any CPU
		{6A0AEE5D-26DB-4C86-956E-B29C666F3CBE}.Debug|Any CPU.Build.0 = Debug|Any CPU
		{6A0AEE5D-26DB-4C86-956E-B29C666F3CBE}.Release|Any CPU.ActiveCfg = Release|Any CPU
		{6A0AEE5D-26DB-4C86-956E-B29C666F3CBE}.Release|Any CPU.Build.0 = Release|Any CPU
	EndGlobalSection
	GlobalSection(SolutionProperties) = preSolution
		HideSolutionNode = FALSE
	EndGlobalSection
	GlobalSection(ExtensibilityGlobals) = postSolution
		SolutionGuid = {3295FB30-6E89-466D-BB6F-8BE8DC56642A}
	EndGlobalSection
EndGlobal
